// !$*UTF8*$!
{
	archiveVersion = 1;
	classes = {
	};
	objectVersion = 46;
	objects = {

/* Begin PBXBuildFile section */
		AA669BCC1A0CDCE400885212 /* main.c in Sources */ = {isa = PBXBuildFile; fileRef = AA669BCB1A0CDCE400885212 /* main.c */; };
/* End PBXBuildFile section */

/* Begin PBXCopyFilesBuildPhase section */
		AA669BC61A0CDCE400885212 /* CopyFiles */ = {
			isa = PBXCopyFilesBuildPhase;
			buildActionMask = 2147483647;
			dstPath = /usr/share/man/man1/;
			dstSubfolderSpec = 0;
			files = (
			);
			runOnlyForDeploymentPostprocessing = 1;
		};
/* End PBXCopyFilesBuildPhase section */

/* Begin PBXFileReference section */
		AA669BC81A0CDCE400885212 /* tp1ex4 */ = {isa = PBXFileReference; explicitFileType = "compiled.mach-o.executable"; includeInIndex = 0; path = tp1ex4; sourceTree = BUILT_PRODUCTS_DIR; };
		AA669BCB1A0CDCE400885212 /* main.c */ = {isa = PBXFileReference; lastKnownFileType = sourcecode.c.c; path = main.c; sourceTree = "<group>"; };
/* End PBXFileReference section */

/* Begin PBXFrameworksBuildPhase section */
		AA669BC51A0CDCE400885212 /* Frameworks */ = {
			isa = PBXFrameworksBuildPhase;
			buildActionMask = 2147483647;
			files = (
			);
			runOnlyForDeploymentPostprocessing = 0;
		};
/* End PBXFrameworksBuildPhase section */

/* Begin PBXGroup section */
		AA669BBF1A0CDCE400885212 = {
			isa = PBXGroup;
			children = (
				AA669BCA1A0CDCE400885212 /* tp1ex4 */,
				AA669BC91A0CDCE400885212 /* Products */,
			);
			sourceTree = "<group>";
		};
		AA669BC91A0CDCE400885212 /* Products */ = {
			isa = PBXGroup;
			children = (
				AA669BC81A0CDCE400885212 /* tp1ex4 */,
			);
			name = Products;
			sourceTree = "<group>";
		};
		AA669BCA1A0CDCE400885212 /* tp1ex4 */ = {
			isa = PBXGroup;
			children = (
				AA669BCB1A0CDCE400885212 /* main.c */,
			);
			path = tp1ex4;
			sourceTree = "<group>";
		};
/* End PBXGroup section */

/* Begin PBXNativeTarget section */
		AA669BC71A0CDCE400885212 /* tp1ex4 */ = {
			isa = PBXNativeTarget;
			buildConfigurationList = AA669BCF1A0CDCE400885212 /* Build configuration list for PBXNativeTarget "tp1ex4" */;
			buildPhases = (
				AA669BC41A0CDCE400885212 /* Sources */,
				AA669BC51A0CDCE400885212 /* Frameworks */,
				AA669BC61A0CDCE400885212 /* CopyFiles */,
			);
			buildRules = (
			);
			dependencies = (
			);
			name = tp1ex4;
			productName = tp1ex4;
			productReference = AA669BC81A0CDCE400885212 /* tp1ex4 */;
			productType = "com.apple.product-type.tool";
		};
/* End PBXNativeTarget section */

/* Begin PBXProject section */
		AA669BC01A0CDCE400885212 /* Project object */ = {
			isa = PBXProject;
			attributes = {
				LastUpgradeCheck = 0610;
				ORGANIZATIONNAME = Matthieu;
				TargetAttributes = {
					AA669BC71A0CDCE400885212 = {
						CreatedOnToolsVersion = 6.1;
					};
				};
			};
			buildConfigurationList = AA669BC31A0CDCE400885212 /* Build configuration list for PBXProject "tp1ex4" */;
			compatibilityVersion = "Xcode 3.2";
			developmentRegion = English;
			hasScannedForEncodings = 0;
			knownRegions = (
				en,
			);
			mainGroup = AA669BBF1A0CDCE400885212;
			productRefGroup = AA669BC91A0CDCE400885212 /* Products */;
			projectDirPath = "";
			projectRoot = "";
			targets = (
				AA669BC71A0CDCE400885212 /* tp1ex4 */,
			);
		};
/* End PBXProject section */

/* Begin PBXSourcesBuildPhase section */
		AA669BC41A0CDCE400885212 /* Sources */ = {
			isa = PBXSourcesBuildPhase;
			buildActionMask = 2147483647;
			files = (
				AA669BCC1A0CDCE400885212 /* main.c in Sources */,
			);
			runOnlyForDeploymentPostprocessing = 0;
		};
/* End PBXSourcesBuildPhase section */

/* Begin XCBuildConfiguration section */
		AA669BCD1A0CDCE400885212 /* Debug */ = {
			isa = XCBuildConfiguration;
			buildSettings = {
				ALWAYS_SEARCH_USER_PATHS = NO;
				CLANG_CXX_LANGUAGE_STANDARD = "gnu++0x";
				CLANG_CXX_LIBRARY = "libc++";
				CLANG_ENABLE_MODULES = YES;
				CLANG_ENABLE_OBJC_ARC = YES;
				CLANG_WARN_BOOL_CONVERSION = YES;
				CLANG_WARN_CONSTANT_CONVERSION = YES;
				CLANG_WARN_DIRECT_OBJC_ISA_USAGE = YES_ERROR;
				CLANG_WARN_EMPTY_BODY = YES;
				CLANG_WARN_ENUM_CONVERSION = YES;
				CLANG_WARN_INT_CONVERSION = YES;
				CLANG_WARN_OBJC_ROOT_CLASS = YES_ERROR;
				CLANG_WARN_UNREACHABLE_CODE = YES;
				CLANG_WARN__DUPLICATE_METHOD_MATCH = YES;
				COPY_PHASE_STRIP = NO;
				ENABLE_STRICT_OBJC_MSGSEND = YES;
				GCC_C_LANGUAGE_STANDARD = gnu99;
				GCC_DYNAMIC_NO_PIC = NO;
				GCC_OPTIMIZATION_LEVEL = 0;
				GCC_PREPROCESSOR_DEFINITIONS = (
					"DEBUG=1",
					"$(inherited)",
				);
				GCC_SYMBOLS_PRIVATE_EXTERN = NO;
				GCC_WARN_64_TO_32_BIT_CONVERSION = YES;
				GCC_WARN_ABOUT_RETURN_TYPE = YES_ERROR;
				GCC_WARN_UNDECLARED_SELECTOR = YES;
				GCC_WARN_UNINITIALIZED_AUTOS = YES_AGGRESSIVE;
				GCC_WARN_UNUSED_FUNCTION = YES;
				GCC_WARN_UNUSED_VARIABLE = YES;
				MACOSX_DEPLOYMENT_TARGET = 10.10;
				MTL_ENABLE_DEBUG_INFO = YES;
				ONLY_ACTIVE_ARCH = YES;
				SDKROOT = macosx;
			};
			name = Debug;
		};
		AA669BCE1A0CDCE400885212 /* Release */ = {
			isa = XCBuildConfiguration;
			buildSettings = {
				ALWAYS_SEARCH_USER_PATHS = NO;
				CLANG_CXX_LANGUAGE_STANDARD = "gnu++0x";
				CLANG_CXX_LIBRARY = "libc++";
				CLANG_ENABLE_MODULES = YES;
				CLANG_ENABLE_OBJC_ARC = YES;
				CLANG_WARN_BOOL_CONVERSION = YES;
				CLANG_WARN_CONSTANT_CONVERSION = YES;
				CLANG_WARN_DIRECT_OBJC_ISA_USAGE = YES_ERROR;
				CLANG_WARN_EMPTY_BODY = YES;
				CLANG_WARN_ENUM_CONVERSION = YES;
				CLANG_WARN_INT_CONVERSION = YES;
				CLANG_WARN_OBJC_ROOT_CLASS = YES_ERROR;
				CLANG_WARN_UNREACHABLE_CODE = YES;
				CLANG_WARN__DUPLICATE_METHOD_MATCH = YES;
				COPY_PHASE_STRIP = YES;
				DEBUG_INFORMATION_FORMAT = "dwarf-with-dsym";
				ENABLE_NS_ASSERTIONS = NO;
				ENABLE_STRICT_OBJC_MSGSEND = YES;
				GCC_C_LANGUAGE_STANDARD = gnu99;
				GCC_WARN_64_TO_32_BIT_CONVERSION = YES;
				GCC_WARN_ABOUT_RETURN_TYPE = YES_ERROR;
				GCC_WARN_UNDECLARED_SELECTOR = YES;
				GCC_WARN_UNINITIALIZED_AUTOS = YES_AGGRESSIVE;
				GCC_WARN_UNUSED_FUNCTION = YES;
				GCC_WARN_UNUSED_VARIABLE = YES;
				MACOSX_DEPLOYMENT_TARGET = 10.10;
				MTL_ENABLE_DEBUG_INFO = NO;
				SDKROOT = macosx;
			};
			name = Release;
		};
		AA669BD01A0CDCE400885212 /* Debug */ = {
			isa = XCBuildConfiguration;
			buildSettings = {
				PRODUCT_NAME = "$(TARGET_NAME)";
			};
			name = Debug;
		};
		AA669BD11A0CDCE400885212 /* Release */ = {
			isa = XCBuildConfiguration;
			buildSettings = {
				PRODUCT_NAME = "$(TARGET_NAME)";
			};
			name = Release;
		};
/* End XCBuildConfiguration section */

/* Begin XCConfigurationList section */
		AA669BC31A0CDCE400885212 /* Build configuration list for PBXProject "tp1ex4" */ = {
			isa = XCConfigurationList;
			buildConfigurations = (
				AA669BCD1A0CDCE400885212 /* Debug */,
				AA669BCE1A0CDCE400885212 /* Release */,
			);
			defaultConfigurationIsVisible = 0;
			defaultConfigurationName = Release;
		};
		AA669BCF1A0CDCE400885212 /* Build configuration list for PBXNativeTarget "tp1ex4" */ = {
			isa = XCConfigurationList;
			buildConfigurations = (
				AA669BD01A0CDCE400885212 /* Debug */,
				AA669BD11A0CDCE400885212 /* Release */,
			);
			defaultConfigurationIsVisible = 0;
		};
/* End XCConfigurationList section */
	};
	rootObject = AA669BC01A0CDCE400885212 /* Project object */;
}
